
Microsoft Visual Studio Solution File, Format Version 12.00
# Visual Studio Version 17
VisualStudioVersion = 17.14.36511.14 d17.14
MinimumVisualStudioVersion = 10.0.40219.1
Project("{8BC9CEB8-8B4A-11D0-8D11-00A0C91BC942}") = "test1", "test1\test1.vcxproj", "{14F8EE2C-615F-46DC-8731-0CC74C6D318F}"
EndProject
Global
	GlobalSection(SolutionConfigurationPlatforms) = preSolution
		Debug|x64 = Debug|x64
		Debug|x86 = Debug|x86
		Release|x64 = Release|x64
		Release|x86 = Release|x86
	EndGlobalSection
	GlobalSection(ProjectConfigurationPlatforms) = postSolution
		{14F8EE2C-615F-46DC-8731-0CC74C6D318F}.Debug|x64.ActiveCfg = Debug|x64
		{14F8EE2C-615F-46DC-8731-0CC74C6D318F}.Debug|x64.Build.0 = Debug|x64
		{14F8EE2C-615F-46DC-8731-0CC74C6D318F}.Debug|x86.ActiveCfg = Debug|Win32
		{14F8EE2C-615F-46DC-8731-0CC74C6D318F}.Debug|x86.Build.0 = Debug|Win32
		{14F8EE2C-615F-46DC-8731-0CC74C6D318F}.Release|x64.ActiveCfg = Release|x64
		{14F8EE2C-615F-46DC-8731-0CC74C6D318F}.Release|x64.Build.0 = Release|x64
		{14F8EE2C-615F-46DC-8731-0CC74C6D318F}.Release|x86.ActiveCfg = Release|Win32
		{14F8EE2C-615F-46DC-8731-0CC74C6D318F}.Release|x86.Build.0 = Release|Win32
	EndGlobalSection
	GlobalSection(SolutionProperties) = preSolution
		HideSolutionNode = FALSE
	EndGlobalSection
	GlobalSection(ExtensibilityGlobals) = postSolution
		SolutionGuid = {CA204C48-2591-4992-828D-702D17EB6A14}
	EndGlobalSection
EndGlobal
